
Microsoft Visual Studio Solution File, Format Version 12.00
# Visual Studio Version 17
VisualStudioVersion = 17.8.34322.80
MinimumVisualStudioVersion = 10.0.40219.1
Project("{FAE04EC0-301F-11D3-BF4B-00C04F79EFBC}") = "Hanoi", "Hanoi.csproj", "{5FA2D110-4ADD-4EC9-BB37-19C0A053CFBF}"
EndProject
Global
	GlobalSection(SolutionConfigurationPlatforms) = preSolution
		Debug|Any CPU = Debug|Any CPU
		Release|Any CPU = Release|Any CPU
	EndGlobalSection
	GlobalSection(ProjectConfigurationPlatforms) = postSolution
		{5FA2D110-4ADD-4EC9-BB37-19C0A053CFBF}.Debug|Any CPU.ActiveCfg = Debug|Any CPU
		{5FA2D110-4ADD-4EC9-BB37-19C0A053CFBF}.Debug|Any CPU.Build.0 = Debug|Any CPU
		{5FA2D110-4ADD-4EC9-BB37-19C0A053CFBF}.Release|Any CPU.ActiveCfg = Release|Any CPU
		{5FA2D110-4ADD-4EC9-BB37-19C0A053CFBF}.Release|Any CPU.Build.0 = Release|Any CPU
	EndGlobalSection
	GlobalSection(SolutionProperties) = preSolution
		HideSolutionNode = FALSE
	EndGlobalSection
	GlobalSection(ExtensibilityGlobals) = postSolution
		SolutionGuid = {066A4192-B717-4796-B878-EB3B785F5149}
	EndGlobalSection
EndGlobal
